
Microsoft Visual Studio Solution File, Format Version 11.00
# Visual Studio 2010
Project("{E24C65DC-7377-472B-9ABA-BC803B73C61A}") = "LoanServicing", "LoanServicing\", "{6F3D54B1-ED15-48D0-87CC-BC80D684B587}"
	ProjectSection(WebsiteProperties) = preProject
		TargetFrameworkMoniker = ".NETFramework,Version%3Dv4.0"
		Debug.AspNetCompiler.VirtualPath = "/LoanServicing"
		Debug.AspNetCompiler.PhysicalPath = "LoanServicing\"
		Debug.AspNetCompiler.TargetPath = "PrecompiledWeb\LoanServicing\"
		Debug.AspNetCompiler.Updateable = "true"
		Debug.AspNetCompiler.ForceOverwrite = "true"
		Debug.AspNetCompiler.FixedNames = "false"
		Debug.AspNetCompiler.Debug = "True"
		Release.AspNetCompiler.VirtualPath = "/LoanServicing"
		Release.AspNetCompiler.PhysicalPath = "LoanServicing\"
		Release.AspNetCompiler.TargetPath = "PrecompiledWeb\LoanServicing\"
		Release.AspNetCompiler.Updateable = "true"
		Release.AspNetCompiler.ForceOverwrite = "true"
		Release.AspNetCompiler.FixedNames = "false"
		Release.AspNetCompiler.Debug = "False"
		VWDPort = "51750"
	EndProjectSection
EndProject
Project("{FAE04EC0-301F-11D3-BF4B-00C04F79EFBC}") = "LoanServicingTasks", "LoanServicingTasks\LoanServicingTasks\LoanServicingTasks.csproj", "{42A5CEC0-62B0-4575-BCEA-F9ACB12DDBBF}"
EndProject
Project("{FAE04EC0-301F-11D3-BF4B-00C04F79EFBC}") = "RunInvestorStatements", "RunInvestorStatements\RunInvestorStatements\RunInvestorStatements.csproj", "{9AED5E1B-D30B-4D2A-A481-D2BAA93D29B7}"
EndProject
Global
	GlobalSection(SolutionConfigurationPlatforms) = preSolution
		Debug|Any CPU = Debug|Any CPU
		Debug|Mixed Platforms = Debug|Mixed Platforms
		Debug|x86 = Debug|x86
		Release|Any CPU = Release|Any CPU
		Release|Mixed Platforms = Release|Mixed Platforms
		Release|x86 = Release|x86
	EndGlobalSection
	GlobalSection(ProjectConfigurationPlatforms) = postSolution
		{6F3D54B1-ED15-48D0-87CC-BC80D684B587}.Debug|Any CPU.ActiveCfg = Debug|Any CPU
		{6F3D54B1-ED15-48D0-87CC-BC80D684B587}.Debug|Any CPU.Build.0 = Debug|Any CPU
		{6F3D54B1-ED15-48D0-87CC-BC80D684B587}.Debug|Mixed Platforms.ActiveCfg = Debug|Any CPU
		{6F3D54B1-ED15-48D0-87CC-BC80D684B587}.Debug|Mixed Platforms.Build.0 = Debug|Any CPU
		{6F3D54B1-ED15-48D0-87CC-BC80D684B587}.Debug|x86.ActiveCfg = Debug|Any CPU
		{6F3D54B1-ED15-48D0-87CC-BC80D684B587}.Release|Any CPU.ActiveCfg = Debug|Any CPU
		{6F3D54B1-ED15-48D0-87CC-BC80D684B587}.Release|Any CPU.Build.0 = Debug|Any CPU
		{6F3D54B1-ED15-48D0-87CC-BC80D684B587}.Release|Mixed Platforms.ActiveCfg = Debug|Any CPU
		{6F3D54B1-ED15-48D0-87CC-BC80D684B587}.Release|Mixed Platforms.Build.0 = Debug|Any CPU
		{6F3D54B1-ED15-48D0-87CC-BC80D684B587}.Release|x86.ActiveCfg = Debug|Any CPU
		{42A5CEC0-62B0-4575-BCEA-F9ACB12DDBBF}.Debug|Any CPU.ActiveCfg = Debug|x86
		{42A5CEC0-62B0-4575-BCEA-F9ACB12DDBBF}.Debug|Mixed Platforms.ActiveCfg = Debug|x86
		{42A5CEC0-62B0-4575-BCEA-F9ACB12DDBBF}.Debug|Mixed Platforms.Build.0 = Debug|x86
		{42A5CEC0-62B0-4575-BCEA-F9ACB12DDBBF}.Debug|x86.ActiveCfg = Debug|x86
		{42A5CEC0-62B0-4575-BCEA-F9ACB12DDBBF}.Debug|x86.Build.0 = Debug|x86
		{42A5CEC0-62B0-4575-BCEA-F9ACB12DDBBF}.Release|Any CPU.ActiveCfg = Release|x86
		{42A5CEC0-62B0-4575-BCEA-F9ACB12DDBBF}.Release|Mixed Platforms.ActiveCfg = Release|x86
		{42A5CEC0-62B0-4575-BCEA-F9ACB12DDBBF}.Release|Mixed Platforms.Build.0 = Release|x86
		{42A5CEC0-62B0-4575-BCEA-F9ACB12DDBBF}.Release|x86.ActiveCfg = Release|x86
		{42A5CEC0-62B0-4575-BCEA-F9ACB12DDBBF}.Release|x86.Build.0 = Release|x86
		{9AED5E1B-D30B-4D2A-A481-D2BAA93D29B7}.Debug|Any CPU.ActiveCfg = Debug|x86
		{9AED5E1B-D30B-4D2A-A481-D2BAA93D29B7}.Debug|Mixed Platforms.ActiveCfg = Debug|x86
		{9AED5E1B-D30B-4D2A-A481-D2BAA93D29B7}.Debug|Mixed Platforms.Build.0 = Debug|x86
		{9AED5E1B-D30B-4D2A-A481-D2BAA93D29B7}.Debug|x86.ActiveCfg = Debug|x86
		{9AED5E1B-D30B-4D2A-A481-D2BAA93D29B7}.Debug|x86.Build.0 = Debug|x86
		{9AED5E1B-D30B-4D2A-A481-D2BAA93D29B7}.Release|Any CPU.ActiveCfg = Release|x86
		{9AED5E1B-D30B-4D2A-A481-D2BAA93D29B7}.Release|Mixed Platforms.ActiveCfg = Release|x86
		{9AED5E1B-D30B-4D2A-A481-D2BAA93D29B7}.Release|Mixed Platforms.Build.0 = Release|x86
		{9AED5E1B-D30B-4D2A-A481-D2BAA93D29B7}.Release|x86.ActiveCfg = Release|x86
		{9AED5E1B-D30B-4D2A-A481-D2BAA93D29B7}.Release|x86.Build.0 = Release|x86
	EndGlobalSection
	GlobalSection(SolutionProperties) = preSolution
		HideSolutionNode = FALSE
	EndGlobalSection
EndGlobal
